
Microsoft Visual Studio Solution File, Format Version 12.00
# Visual Studio Version 17
VisualStudioVersion = 17.5.002.0
MinimumVisualStudioVersion = 10.0.40219.1
Project("{9A19103F-16F7-4668-BE54-9A1E7A4F7556}") = "ExHandler", "ExHandler\ExHandler.csproj", "{87026606-5E41-4185-B552-47093C8B5DEE}"
EndProject
Global
	GlobalSection(SolutionConfigurationPlatforms) = preSolution
		Debug|Any CPU = Debug|Any CPU
		Release|Any CPU = Release|Any CPU
	EndGlobalSection
	GlobalSection(ProjectConfigurationPlatforms) = postSolution
		{87026606-5E41-4185-B552-47093C8B5DEE}.Debug|Any CPU.ActiveCfg = Debug|Any CPU
		{87026606-5E41-4185-B552-47093C8B5DEE}.Debug|Any CPU.Build.0 = Debug|Any CPU
		{87026606-5E41-4185-B552-47093C8B5DEE}.Release|Any CPU.ActiveCfg = Release|Any CPU
		{87026606-5E41-4185-B552-47093C8B5DEE}.Release|Any CPU.Build.0 = Release|Any CPU
	EndGlobalSection
	GlobalSection(SolutionProperties) = preSolution
		HideSolutionNode = FALSE
	EndGlobalSection
	GlobalSection(ExtensibilityGlobals) = postSolution
		SolutionGuid = {18FBAAAC-210C-426B-9B9B-D27F81D8F0FA}
	EndGlobalSection
EndGlobal
